github.com/alphahorizonio/tinynet v0.0.0-20210118222949-51439cf30be8 h1:rvLGKNThMaCpWuzmd06PysP79Jh3fbYOzcn1m9n0jGE=
github.com/alphahorizonio/tinynet v0.0.0-20210118222949-51439cf30be8/go.mod h1:0dKCYogxMb7VP7L/P2pauztI39BgzjQ/Y1QIkljNYi0=
github.com/alphahorizonio/unisockets v0.1.1 h1:LNR3Uy+xm09zlj0QGlrDw2ljF80/4J/nbfvpqBeXSpM=
github.com/alphahorizonio/unisockets v0.1.1/go.mod h1:GHmI67/4EW9Jx+d1QiytJOHXnlI127uErrRgIHzwBB4=
github.com/bytecodealliance/wasmtime-go v1.0.0 h1:9u9gqaUiaJeN5IoD1L7egD8atOnTGyJcNp8BhkL9cUU=
github.com/bytecodealliance/wasmtime-go v1.0.0/go.mod h1:jjlqQbWUfVSbehpErw3UoWFndBXRRMvfikYH6KsCwOg=
github.com/davecgh/go-spew v1.1.0/go.mod h1:J7Y8YcW2NihsgmVo/mv3lAwl/skON4iLHjSsI+c5H38=
github.com/pmezard/go-difflib v1.0.0/go.mod h1:iKH77koFhYxTK1pcRnkKkqfTogsbg7gZNVY4sRDYZ/4=
github.com/second-state/WasmEdge-go v0.11.0 h1:AJ9N2vzXTKQeut5LPxxUDaAKz/VpNk+OXkGSbLvJRkE=
github.com/second-state/WasmEdge-go v0.11.0/go.mod h1:HyBf9hVj1sRAjklsjc1Yvs9b5RcmthPG9z99dY78TKg=
github.com/second-state/WasmEdge-go v0.11.1 h1:ggf9mFJrnx+eD/7bQf3vF8hYVyCMTzXTXi2MNKljhC8=
github.com/second-state/WasmEdge-go v0.11.1/go.mod h1:HyBf9hVj1sRAjklsjc1Yvs9b5RcmthPG9z99dY78TKg=
github.com/second-state/WasmEdge-go v0.11.2 h1:4RZhxKvay9uBM9uzE0jrB/26t1ncQG3LbNQOooKjrHA=
github.com/second-state/WasmEdge-go v0.11.2/go.mod h1:HyBf9hVj1sRAjklsjc1Yvs9b5RcmthPG9z99dY78TKg=
github.com/stretchr/objx v0.1.0/go.mod h1:HFkY916IF+rwdDfMAkV7OtwuqBVzrE8GR6GFx+wExME=
github.com/stretchr/testify v1.7.0/go.mod h1:6Fq8oRcR53rry900zMqJjRRixrwX3KX962/h/Wwjteg=
github.com/valyala/fastjson v1.6.3/go.mod h1:CLCAqky6SMuOcxStkYQvblddUtoRxhYMGLrsQns1aXY=
github.com/wasmerio/wasmer-go v1.0.4 h1:MnqHoOGfiQ8MMq2RF6wyCeebKOe84G88h5yv+vmxJgs=
github.com/wasmerio/wasmer-go v1.0.4/go.mod h1:0gzVdSfg6pysA6QVp6iVRPTagC6Wq9pOE8J86WKb2Fk=
gopkg.in/check.v1 v0.0.0-20161208181325-20d25e280405/go.mod h1:Co6ibVJAznAaIkqp8huTwlJQCZ016jof/cbN4VW5Yz0=
gopkg.in/yaml.v3 v3.0.0-20200313102051-9f266ea9e77c/go.mod h1:K4uyk7z7BCEPqu6E+C64Yfv1cQ7kz7rIZviUmN+EgEM=
